<?xml version="1.0" encoding="utf-8"?>
<Project ToolsVersion="4.0" xmlns="http://schemas.microsoft.com/developer/msbuild/2003">
  <ItemGroup>
    <ClCompile Include="ApplicationClass.cpp">
      <Filter>Source</Filter>
    </ClCompile>
    <ClCompile Include="CameraClass.cpp">
      <Filter>Source</Filter>
    </ClCompile>
    <ClCompile Include="ColorShaderClass.cpp">
      <Filter>Source</Filter>
    </ClCompile>
    <ClCompile Include="CpuClass.cpp">
      <Filter>Source</Filter>
    </ClCompile>
    <ClCompile Include="D3DClass.cpp">
      <Filter>Source</Filter>
    </ClCompile>
    <ClCompile Include="DDSTextureLoader.cpp">
      <Filter>Source</Filter>
    </ClCompile>
    <ClCompile Include="FontClass.cpp">
      <Filter>Source</Filter>
    </ClCompile>
    <ClCompile Include="FontShaderClass.cpp">
      <Filter>Source</Filter>
    </ClCompile>
    <ClCompile Include="FpsClass.cpp">
      <Filter>Source</Filter>
    </ClCompile>
    <ClCompile Include="InputClass.cpp">
      <Filter>Source</Filter>
    </ClCompile>
    <ClCompile Include="PositionClass.cpp">
      <Filter>Source</Filter>
    </ClCompile>
    <ClCompile Include="ProceduralMethods.cpp">
      <Filter>Source</Filter>
    </ClCompile>
    <ClCompile Include="stdafx.cpp">
      <Filter>Source</Filter>
    </ClCompile>
    <ClCompile Include="SystemClass.cpp">
      <Filter>Source</Filter>
    </ClCompile>
    <ClCompile Include="TerrainClass.cpp">
      <Filter>Source</Filter>
    </ClCompile>
    <ClCompile Include="TextClass.cpp">
      <Filter>Source</Filter>
    </ClCompile>
    <ClCompile Include="TextureClass.cpp">
      <Filter>Source</Filter>
    </ClCompile>
    <ClCompile Include="TimerClass.cpp">
      <Filter>Source</Filter>
    </ClCompile>
    <ClCompile Include="TerrainShaderClass.cpp" />
    <ClCompile Include="LightClass.cpp" />
    <ClCompile Include="QuadTreeClass.cpp" />
    <ClCompile Include="FrustumClass.cpp" />
  </ItemGroup>
  <ItemGroup>
    <ClInclude Include="AlignedAllocationPolicy.h">
      <Filter>Headers</Filter>
    </ClInclude>
    <ClInclude Include="ApplicationClass.h">
      <Filter>Headers</Filter>
    </ClInclude>
    <ClInclude Include="CameraClass.h">
      <Filter>Headers</Filter>
    </ClInclude>
    <ClInclude Include="ColorShaderClass.h">
      <Filter>Headers</Filter>
    </ClInclude>
    <ClInclude Include="CpuClass.h">
      <Filter>Headers</Filter>
    </ClInclude>
    <ClInclude Include="D3DClass.h">
      <Filter>Headers</Filter>
    </ClInclude>
    <ClInclude Include="DDSTextureLoader.h">
      <Filter>Headers</Filter>
    </ClInclude>
    <ClInclude Include="DxDefine.h">
      <Filter>Headers</Filter>
    </ClInclude>
    <ClInclude Include="FontClass.h">
      <Filter>Headers</Filter>
    </ClInclude>
    <ClInclude Include="FontShaderClass.h">
      <Filter>Headers</Filter>
    </ClInclude>
    <ClInclude Include="FpsClass.h">
      <Filter>Headers</Filter>
    </ClInclude>
    <ClInclude Include="InputClass.h">
      <Filter>Headers</Filter>
    </ClInclude>
    <ClInclude Include="PositionClass.h">
      <Filter>Headers</Filter>
    </ClInclude>
    <ClInclude Include="stdafx.h">
      <Filter>Headers</Filter>
    </ClInclude>
    <ClInclude Include="SystemClass.h">
      <Filter>Headers</Filter>
    </ClInclude>
    <ClInclude Include="targetver.h">
      <Filter>Headers</Filter>
    </ClInclude>
    <ClInclude Include="TerrainClass.h">
      <Filter>Headers</Filter>
    </ClInclude>
    <ClInclude Include="TextClass.h">
      <Filter>Headers</Filter>
    </ClInclude>
    <ClInclude Include="TextureClass.h">
      <Filter>Headers</Filter>
    </ClInclude>
    <ClInclude Include="TimerClass.h">
      <Filter>Headers</Filter>
    </ClInclude>
    <ClInclude Include="TerrainShaderClass.h" />
    <ClInclude Include="LightClass.h" />
    <ClInclude Include="QuadTreeClass.h" />
    <ClInclude Include="FrustumClass.h" />
  </ItemGroup>
  <ItemGroup>
    <Image Include="data\font.dds">
      <Filter>Resources</Filter>
    </Image>
    <Image Include="data\heightmap01.bmp">
      <Filter>Resources</Filter>
    </Image>
  </ItemGroup>
  <ItemGroup>
    <Filter Include="Source">
      <UniqueIdentifier>{fa119173-82e8-4f2b-9f77-9f21d12985bf}</UniqueIdentifier>
    </Filter>
    <Filter Include="Headers">
      <UniqueIdentifier>{6e0890e1-b3d5-4a7d-8ea6-5b42b3336971}</UniqueIdentifier>
    </Filter>
    <Filter Include="Resources">
      <UniqueIdentifier>{742555d3-27ee-45b4-ae11-a4940a62d449}</UniqueIdentifier>
    </Filter>
  </ItemGroup>
  <ItemGroup>
    <Text Include="data\fontdata.txt">
      <Filter>Resources</Filter>
    </Text>
  </ItemGroup>
</Project>